// !$*UTF8*$!
{
	archiveVersion = 1;
	classes = {
	};
	objectVersion = 46;
	objects = {

/* Begin PBXBuildFile section */
		BF19D20D19D7263600FFDE07 /* DetailViewController.swift in Sources */ = {isa = PBXBuildFile; fileRef = BF19D20C19D7263600FFDE07 /* DetailViewController.swift */; };
		BF3BAA7919D6F23B00E069D5 /* AppDelegate.swift in Sources */ = {isa = PBXBuildFile; fileRef = BF3BAA7819D6F23B00E069D5 /* AppDelegate.swift */; };
		BF3BAA7E19D6F23B00E069D5 /* Main.storyboard in Resources */ = {isa = PBXBuildFile; fileRef = BF3BAA7C19D6F23B00E069D5 /* Main.storyboard */; };
		BF3BAA8019D6F23B00E069D5 /* Images.xcassets in Resources */ = {isa = PBXBuildFile; fileRef = BF3BAA7F19D6F23B00E069D5 /* Images.xcassets */; };
		BF3BAA8319D6F23B00E069D5 /* LaunchScreen.xib in Resources */ = {isa = PBXBuildFile; fileRef = BF3BAA8119D6F23B00E069D5 /* LaunchScreen.xib */; };
		BF3BAA8F19D6F23B00E069D5 /* contactsTests.swift in Sources */ = {isa = PBXBuildFile; fileRef = BF3BAA8E19D6F23B00E069D5 /* contactsTests.swift */; };
		BF3BAA9919D6F28400E069D5 /* ContactsViewController.swift in Sources */ = {isa = PBXBuildFile; fileRef = BF3BAA9819D6F28400E069D5 /* ContactsViewController.swift */; };
		BF3BAAA419D6F6AD00E069D5 /* Alamofire.framework in Frameworks */ = {isa = PBXBuildFile; fileRef = BF3BAAA019D6F67100E069D5 /* Alamofire.framework */; };
		BF3BAAA619D6F6D600E069D5 /* Alamofire.framework in Copy Frameworks */ = {isa = PBXBuildFile; fileRef = BF3BAAA019D6F67100E069D5 /* Alamofire.framework */; settings = {ATTRIBUTES = (CodeSignOnCopy, RemoveHeadersOnCopy, ); }; };
		BF3BAAA819D6F90400E069D5 /* LoginViewController.swift in Sources */ = {isa = PBXBuildFile; fileRef = BF3BAAA719D6F90400E069D5 /* LoginViewController.swift */; };
		BF3BAAAA19D706B200E069D5 /* BaseViewController.swift in Sources */ = {isa = PBXBuildFile; fileRef = BF3BAAA919D706B200E069D5 /* BaseViewController.swift */; };
		BF3BAAAC19D7075F00E069D5 /* Contact.swift in Sources */ = {isa = PBXBuildFile; fileRef = BF3BAAAB19D7075F00E069D5 /* Contact.swift */; };
/* End PBXBuildFile section */

/* Begin PBXContainerItemProxy section */
		20A52BCB1AEA8AD90090C787 /* PBXContainerItemProxy */ = {
			isa = PBXContainerItemProxy;
			containerPortal = BF3BAA9A19D6F67000E069D5 /* Alamofire.xcodeproj */;
			proxyType = 2;
			remoteGlobalIDString = 4DD67C0B1A5C55C900ED2280;
			remoteInfo = "Alamofire OSX";
		};
		20A52BCD1AEA8AD90090C787 /* PBXContainerItemProxy */ = {
			isa = PBXContainerItemProxy;
			containerPortal = BF3BAA9A19D6F67000E069D5 /* Alamofire.xcodeproj */;
			proxyType = 2;
			remoteGlobalIDString = F829C6B21A7A94F100A2CD59;
			remoteInfo = "Alamofire OSX Tests";
		};
		BF3BAA8919D6F23B00E069D5 /* PBXContainerItemProxy */ = {
			isa = PBXContainerItemProxy;
			containerPortal = BF3BAA6B19D6F23B00E069D5 /* Project object */;
			proxyType = 1;
			remoteGlobalIDString = BF3BAA7219D6F23B00E069D5;
			remoteInfo = contacts;
		};
		BF3BAA9F19D6F67100E069D5 /* PBXContainerItemProxy */ = {
			isa = PBXContainerItemProxy;
			containerPortal = BF3BAA9A19D6F67000E069D5 /* Alamofire.xcodeproj */;
			proxyType = 2;
			remoteGlobalIDString = F8111E3319A95C8B0040E7D1;
			remoteInfo = Alamofire;
		};
		BF3BAAA119D6F67100E069D5 /* PBXContainerItemProxy */ = {
			isa = PBXContainerItemProxy;
			containerPortal = BF3BAA9A19D6F67000E069D5 /* Alamofire.xcodeproj */;
			proxyType = 2;
			remoteGlobalIDString = F8111E3E19A95C8B0040E7D1;
			remoteInfo = AlamofireTests;
		};
/* End PBXContainerItemProxy section */

/* Begin PBXCopyFilesBuildPhase section */
		BF3BAAA519D6F6C100E069D5 /* Copy Frameworks */ = {
			isa = PBXCopyFilesBuildPhase;
			buildActionMask = 2147483647;
			dstPath = "";
			dstSubfolderSpec = 10;
			files = (
				BF3BAAA619D6F6D600E069D5 /* Alamofire.framework in Copy Frameworks */,
			);
			name = "Copy Frameworks";
			runOnlyForDeploymentPostprocessing = 0;
		};
/* End PBXCopyFilesBuildPhase section */

/* Begin PBXFileReference section */
		BF19D20C19D7263600FFDE07 /* DetailViewController.swift */ = {isa = PBXFileReference; fileEncoding = 4; lastKnownFileType = sourcecode.swift; path = DetailViewController.swift; sourceTree = "<group>"; };
		BF3BAA7319D6F23B00E069D5 /* contacts.app */ = {isa = PBXFileReference; explicitFileType = wrapper.application; includeInIndex = 0; path = contacts.app; sourceTree = BUILT_PRODUCTS_DIR; };
		BF3BAA7719D6F23B00E069D5 /* Info.plist */ = {isa = PBXFileReference; lastKnownFileType = text.plist.xml; path = Info.plist; sourceTree = "<group>"; };
		BF3BAA7819D6F23B00E069D5 /* AppDelegate.swift */ = {isa = PBXFileReference; lastKnownFileType = sourcecode.swift; path = AppDelegate.swift; sourceTree = "<group>"; };
		BF3BAA7D19D6F23B00E069D5 /* Base */ = {isa = PBXFileReference; lastKnownFileType = file.storyboard; name = Base; path = Base.lproj/Main.storyboard; sourceTree = "<group>"; };
		BF3BAA7F19D6F23B00E069D5 /* Images.xcassets */ = {isa = PBXFileReference; lastKnownFileType = folder.assetcatalog; path = Images.xcassets; sourceTree = "<group>"; };
		BF3BAA8219D6F23B00E069D5 /* Base */ = {isa = PBXFileReference; lastKnownFileType = file.xib; name = Base; path = Base.lproj/LaunchScreen.xib; sourceTree = "<group>"; };
		BF3BAA8819D6F23B00E069D5 /* contactsTests.xctest */ = {isa = PBXFileReference; explicitFileType = wrapper.cfbundle; includeInIndex = 0; path = contactsTests.xctest; sourceTree = BUILT_PRODUCTS_DIR; };
		BF3BAA8D19D6F23B00E069D5 /* Info.plist */ = {isa = PBXFileReference; lastKnownFileType = text.plist.xml; path = Info.plist; sourceTree = "<group>"; };
		BF3BAA8E19D6F23B00E069D5 /* contactsTests.swift */ = {isa = PBXFileReference; lastKnownFileType = sourcecode.swift; path = contactsTests.swift; sourceTree = "<group>"; };
		BF3BAA9819D6F28400E069D5 /* ContactsViewController.swift */ = {isa = PBXFileReference; fileEncoding = 4; lastKnownFileType = sourcecode.swift; path = ContactsViewController.swift; sourceTree = "<group>"; };
		BF3BAA9A19D6F67000E069D5 /* Alamofire.xcodeproj */ = {isa = PBXFileReference; lastKnownFileType = "wrapper.pb-project"; name = Alamofire.xcodeproj; path = Alamofire/Alamofire.xcodeproj; sourceTree = "<group>"; };
		BF3BAAA719D6F90400E069D5 /* LoginViewController.swift */ = {isa = PBXFileReference; fileEncoding = 4; lastKnownFileType = sourcecode.swift; path = LoginViewController.swift; sourceTree = "<group>"; };
		BF3BAAA919D706B200E069D5 /* BaseViewController.swift */ = {isa = PBXFileReference; fileEncoding = 4; lastKnownFileType = sourcecode.swift; path = BaseViewController.swift; sourceTree = "<group>"; };
		BF3BAAAB19D7075F00E069D5 /* Contact.swift */ = {isa = PBXFileReference; fileEncoding = 4; lastKnownFileType = sourcecode.swift; path = Contact.swift; sourceTree = "<group>"; };
/* End PBXFileReference section */

/* Begin PBXFrameworksBuildPhase section */
		BF3BAA7019D6F23B00E069D5 /* Frameworks */ = {
			isa = PBXFrameworksBuildPhase;
			buildActionMask = 2147483647;
			files = (
				BF3BAAA419D6F6AD00E069D5 /* Alamofire.framework in Frameworks */,
			);
			runOnlyForDeploymentPostprocessing = 0;
		};
		BF3BAA8519D6F23B00E069D5 /* Frameworks */ = {
			isa = PBXFrameworksBuildPhase;
			buildActionMask = 2147483647;
			files = (
			);
			runOnlyForDeploymentPostprocessing = 0;
		};
/* End PBXFrameworksBuildPhase section */

/* Begin PBXGroup section */
		BF3BAA6A19D6F23B00E069D5 = {
			isa = PBXGroup;
			children = (
				BF3BAA7519D6F23B00E069D5 /* contacts */,
				BF3BAA8B19D6F23B00E069D5 /* contactsTests */,
				BF3BAA7419D6F23B00E069D5 /* Products */,
				BF3BAA9A19D6F67000E069D5 /* Alamofire.xcodeproj */,
			);
			sourceTree = "<group>";
		};
		BF3BAA7419D6F23B00E069D5 /* Products */ = {
			isa = PBXGroup;
			children = (
				BF3BAA7319D6F23B00E069D5 /* contacts.app */,
				BF3BAA8819D6F23B00E069D5 /* contactsTests.xctest */,
			);
			name = Products;
			sourceTree = "<group>";
		};
		BF3BAA7519D6F23B00E069D5 /* contacts */ = {
			isa = PBXGroup;
			children = (
				BF3BAA7819D6F23B00E069D5 /* AppDelegate.swift */,
				BF3BAAA919D706B200E069D5 /* BaseViewController.swift */,
				BF3BAAA719D6F90400E069D5 /* LoginViewController.swift */,
				BF3BAA9819D6F28400E069D5 /* ContactsViewController.swift */,
				BF19D20C19D7263600FFDE07 /* DetailViewController.swift */,
				BF3BAAAB19D7075F00E069D5 /* Contact.swift */,
				BF3BAA7C19D6F23B00E069D5 /* Main.storyboard */,
				BF3BAA7F19D6F23B00E069D5 /* Images.xcassets */,
				BF3BAA8119D6F23B00E069D5 /* LaunchScreen.xib */,
				BF3BAA7619D6F23B00E069D5 /* Supporting Files */,
			);
			path = contacts;
			sourceTree = "<group>";
		};
		BF3BAA7619D6F23B00E069D5 /* Supporting Files */ = {
			isa = PBXGroup;
			children = (
				BF3BAA7719D6F23B00E069D5 /* Info.plist */,
			);
			name = "Supporting Files";
			sourceTree = "<group>";
		};
		BF3BAA8B19D6F23B00E069D5 /* contactsTests */ = {
			isa = PBXGroup;
			children = (
				BF3BAA8E19D6F23B00E069D5 /* contactsTests.swift */,
				BF3BAA8C19D6F23B00E069D5 /* Supporting Files */,
			);
			path = contactsTests;
			sourceTree = "<group>";
		};
		BF3BAA8C19D6F23B00E069D5 /* Supporting Files */ = {
			isa = PBXGroup;
			children = (
				BF3BAA8D19D6F23B00E069D5 /* Info.plist */,
			);
			name = "Supporting Files";
			sourceTree = "<group>";
		};
		BF3BAA9B19D6F67000E069D5 /* Products */ = {
			isa = PBXGroup;
			children = (
				BF3BAAA019D6F67100E069D5 /* Alamofire.framework */,
				20A52BCC1AEA8AD90090C787 /* Alamofire.framework */,
				BF3BAAA219D6F67100E069D5 /* Alamofire iOS Tests.xctest */,
				20A52BCE1AEA8AD90090C787 /* Alamofire OSX Tests.xctest */,
			);
			name = Products;
			sourceTree = "<group>";
		};
/* End PBXGroup section */

/* Begin PBXNativeTarget section */
		BF3BAA7219D6F23B00E069D5 /* contacts */ = {
			isa = PBXNativeTarget;
			buildConfigurationList = BF3BAA9219D6F23B00E069D5 /* Build configuration list for PBXNativeTarget "contacts" */;
			buildPhases = (
				BF3BAA6F19D6F23B00E069D5 /* Sources */,
				BF3BAA7019D6F23B00E069D5 /* Frameworks */,
				BF3BAA7119D6F23B00E069D5 /* Resources */,
				BF3BAAA519D6F6C100E069D5 /* Copy Frameworks */,
			);
			buildRules = (
			);
			dependencies = (
			);
			name = contacts;
			productName = contacts;
			productReference = BF3BAA7319D6F23B00E069D5 /* contacts.app */;
			productType = "com.apple.product-type.application";
		};
		BF3BAA8719D6F23B00E069D5 /* contactsTests */ = {
			isa = PBXNativeTarget;
			buildConfigurationList = BF3BAA9519D6F23B00E069D5 /* Build configuration list for PBXNativeTarget "contactsTests" */;
			buildPhases = (
				BF3BAA8419D6F23B00E069D5 /* Sources */,
				BF3BAA8519D6F23B00E069D5 /* Frameworks */,
				BF3BAA8619D6F23B00E069D5 /* Resources */,
			);
			buildRules = (
			);
			dependencies = (
				BF3BAA8A19D6F23B00E069D5 /* PBXTargetDependency */,
			);
			name = contactsTests;
			productName = contactsTests;
			productReference = BF3BAA8819D6F23B00E069D5 /* contactsTests.xctest */;
			productType = "com.apple.product-type.bundle.unit-test";
		};
/* End PBXNativeTarget section */

/* Begin PBXProject section */
		BF3BAA6B19D6F23B00E069D5 /* Project object */ = {
			isa = PBXProject;
			attributes = {
				LastUpgradeCheck = 0600;
				ORGANIZATIONNAME = "Fenbi Inc.";
				TargetAttributes = {
					BF3BAA7219D6F23B00E069D5 = {
						CreatedOnToolsVersion = 6.0.1;
						DevelopmentTeam = 29QXUV376B;
					};
					BF3BAA8719D6F23B00E069D5 = {
						CreatedOnToolsVersion = 6.0.1;
						TestTargetID = BF3BAA7219D6F23B00E069D5;
					};
				};
			};
			buildConfigurationList = BF3BAA6E19D6F23B00E069D5 /* Build configuration list for PBXProject "contacts" */;
			compatibilityVersion = "Xcode 3.2";
			developmentRegion = English;
			hasScannedForEncodings = 0;
			knownRegions = (
				en,
				Base,
			);
			mainGroup = BF3BAA6A19D6F23B00E069D5;
			productRefGroup = BF3BAA7419D6F23B00E069D5 /* Products */;
			projectDirPath = "";
			projectReferences = (
				{
					ProductGroup = BF3BAA9B19D6F67000E069D5 /* Products */;
					ProjectRef = BF3BAA9A19D6F67000E069D5 /* Alamofire.xcodeproj */;
				},
			);
			projectRoot = "";
			targets = (
				BF3BAA7219D6F23B00E069D5 /* contacts */,
				BF3BAA8719D6F23B00E069D5 /* contactsTests */,
			);
		};
/* End PBXProject section */

/* Begin PBXReferenceProxy section */
		20A52BCC1AEA8AD90090C787 /* Alamofire.framework */ = {
			isa = PBXReferenceProxy;
			fileType = wrapper.framework;
			path = Alamofire.framework;
			remoteRef = 20A52BCB1AEA8AD90090C787 /* PBXContainerItemProxy */;
			sourceTree = BUILT_PRODUCTS_DIR;
		};
		20A52BCE1AEA8AD90090C787 /* Alamofire OSX Tests.xctest */ = {
			isa = PBXReferenceProxy;
			fileType = wrapper.cfbundle;
			path = "Alamofire OSX Tests.xctest";
			remoteRef = 20A52BCD1AEA8AD90090C787 /* PBXContainerItemProxy */;
			sourceTree = BUILT_PRODUCTS_DIR;
		};
		BF3BAAA019D6F67100E069D5 /* Alamofire.framework */ = {
			isa = PBXReferenceProxy;
			fileType = wrapper.framework;
			path = Alamofire.framework;
			remoteRef = BF3BAA9F19D6F67100E069D5 /* PBXContainerItemProxy */;
			sourceTree = BUILT_PRODUCTS_DIR;
		};
		BF3BAAA219D6F67100E069D5 /* Alamofire iOS Tests.xctest */ = {
			isa = PBXReferenceProxy;
			fileType = wrapper.cfbundle;
			path = "Alamofire iOS Tests.xctest";
			remoteRef = BF3BAAA119D6F67100E069D5 /* PBXContainerItemProxy */;
			sourceTree = BUILT_PRODUCTS_DIR;
		};
/* End PBXReferenceProxy section */

/* Begin PBXResourcesBuildPhase section */
		BF3BAA7119D6F23B00E069D5 /* Resources */ = {
			isa = PBXResourcesBuildPhase;
			buildActionMask = 2147483647;
			files = (
				BF3BAA7E19D6F23B00E069D5 /* Main.storyboard in Resources */,
				BF3BAA8319D6F23B00E069D5 /* LaunchScreen.xib in Resources */,
				BF3BAA8019D6F23B00E069D5 /* Images.xcassets in Resources */,
			);
			runOnlyForDeploymentPostprocessing = 0;
		};
		BF3BAA8619D6F23B00E069D5 /* Resources */ = {
			isa = PBXResourcesBuildPhase;
			buildActionMask = 2147483647;
			files = (
			);
			runOnlyForDeploymentPostprocessing = 0;
		};
/* End PBXResourcesBuildPhase section */

/* Begin PBXSourcesBuildPhase section */
		BF3BAA6F19D6F23B00E069D5 /* Sources */ = {
			isa = PBXSourcesBuildPhase;
			buildActionMask = 2147483647;
			files = (
				BF3BAAA819D6F90400E069D5 /* LoginViewController.swift in Sources */,
				BF3BAAAA19D706B200E069D5 /* BaseViewController.swift in Sources */,
				BF3BAAAC19D7075F00E069D5 /* Contact.swift in Sources */,
				BF19D20D19D7263600FFDE07 /* DetailViewController.swift in Sources */,
				BF3BAA7919D6F23B00E069D5 /* AppDelegate.swift in Sources */,
				BF3BAA9919D6F28400E069D5 /* ContactsViewController.swift in Sources */,
			);
			runOnlyForDeploymentPostprocessing = 0;
		};
		BF3BAA8419D6F23B00E069D5 /* Sources */ = {
			isa = PBXSourcesBuildPhase;
			buildActionMask = 2147483647;
			files = (
				BF3BAA8F19D6F23B00E069D5 /* contactsTests.swift in Sources */,
			);
			runOnlyForDeploymentPostprocessing = 0;
		};
/* End PBXSourcesBuildPhase section */

/* Begin PBXTargetDependency section */
		BF3BAA8A19D6F23B00E069D5 /* PBXTargetDependency */ = {
			isa = PBXTargetDependency;
			target = BF3BAA7219D6F23B00E069D5 /* contacts */;
			targetProxy = BF3BAA8919D6F23B00E069D5 /* PBXContainerItemProxy */;
		};
/* End PBXTargetDependency section */

/* Begin PBXVariantGroup section */
		BF3BAA7C19D6F23B00E069D5 /* Main.storyboard */ = {
			isa = PBXVariantGroup;
			children = (
				BF3BAA7D19D6F23B00E069D5 /* Base */,
			);
			name = Main.storyboard;
			sourceTree = "<group>";
		};
		BF3BAA8119D6F23B00E069D5 /* LaunchScreen.xib */ = {
			isa = PBXVariantGroup;
			children = (
				BF3BAA8219D6F23B00E069D5 /* Base */,
			);
			name = LaunchScreen.xib;
			sourceTree = "<group>";
		};
/* End PBXVariantGroup section */

/* Begin XCBuildConfiguration section */
		BF3BAA9019D6F23B00E069D5 /* Debug */ = {
			isa = XCBuildConfiguration;
			buildSettings = {
				ALWAYS_SEARCH_USER_PATHS = NO;
				CLANG_CXX_LANGUAGE_STANDARD = "gnu++0x";
				CLANG_CXX_LIBRARY = "libc++";
				CLANG_ENABLE_MODULES = YES;
				CLANG_ENABLE_OBJC_ARC = YES;
				CLANG_WARN_BOOL_CONVERSION = YES;
				CLANG_WARN_CONSTANT_CONVERSION = YES;
				CLANG_WARN_DIRECT_OBJC_ISA_USAGE = YES_ERROR;
				CLANG_WARN_EMPTY_BODY = YES;
				CLANG_WARN_ENUM_CONVERSION = YES;
				CLANG_WARN_INT_CONVERSION = YES;
				CLANG_WARN_OBJC_ROOT_CLASS = YES_ERROR;
				CLANG_WARN_UNREACHABLE_CODE = YES;
				CLANG_WARN__DUPLICATE_METHOD_MATCH = YES;
				"CODE_SIGN_IDENTITY[sdk=iphoneos*]" = "iPhone Developer";
				COPY_PHASE_STRIP = NO;
				ENABLE_STRICT_OBJC_MSGSEND = YES;
				GCC_C_LANGUAGE_STANDARD = gnu99;
				GCC_DYNAMIC_NO_PIC = NO;
				GCC_OPTIMIZATION_LEVEL = 0;
				GCC_PREPROCESSOR_DEFINITIONS = (
					"DEBUG=1",
					"$(inherited)",
				);
				GCC_SYMBOLS_PRIVATE_EXTERN = NO;
				GCC_WARN_64_TO_32_BIT_CONVERSION = YES;
				GCC_WARN_ABOUT_RETURN_TYPE = YES_ERROR;
				GCC_WARN_UNDECLARED_SELECTOR = YES;
				GCC_WARN_UNINITIALIZED_AUTOS = YES_AGGRESSIVE;
				GCC_WARN_UNUSED_FUNCTION = YES;
				GCC_WARN_UNUSED_VARIABLE = YES;
				IPHONEOS_DEPLOYMENT_TARGET = 8.0;
				MTL_ENABLE_DEBUG_INFO = YES;
				ONLY_ACTIVE_ARCH = YES;
				SDKROOT = iphoneos;
				SWIFT_OPTIMIZATION_LEVEL = "-Onone";
				TARGETED_DEVICE_FAMILY = "1,2";
			};
			name = Debug;
		};
		BF3BAA9119D6F23B00E069D5 /* Release */ = {
			isa = XCBuildConfiguration;
			buildSettings = {
				ALWAYS_SEARCH_USER_PATHS = NO;
				CLANG_CXX_LANGUAGE_STANDARD = "gnu++0x";
				CLANG_CXX_LIBRARY = "libc++";
				CLANG_ENABLE_MODULES = YES;
				CLANG_ENABLE_OBJC_ARC = YES;
				CLANG_WARN_BOOL_CONVERSION = YES;
				CLANG_WARN_CONSTANT_CONVERSION = YES;
				CLANG_WARN_DIRECT_OBJC_ISA_USAGE = YES_ERROR;
				CLANG_WARN_EMPTY_BODY = YES;
				CLANG_WARN_ENUM_CONVERSION = YES;
				CLANG_WARN_INT_CONVERSION = YES;
				CLANG_WARN_OBJC_ROOT_CLASS = YES_ERROR;
				CLANG_WARN_UNREACHABLE_CODE = YES;
				CLANG_WARN__DUPLICATE_METHOD_MATCH = YES;
				"CODE_SIGN_IDENTITY[sdk=iphoneos*]" = "iPhone Developer";
				COPY_PHASE_STRIP = YES;
				ENABLE_NS_ASSERTIONS = NO;
				ENABLE_STRICT_OBJC_MSGSEND = YES;
				GCC_C_LANGUAGE_STANDARD = gnu99;
				GCC_WARN_64_TO_32_BIT_CONVERSION = YES;
				GCC_WARN_ABOUT_RETURN_TYPE = YES_ERROR;
				GCC_WARN_UNDECLARED_SELECTOR = YES;
				GCC_WARN_UNINITIALIZED_AUTOS = YES_AGGRESSIVE;
				GCC_WARN_UNUSED_FUNCTION = YES;
				GCC_WARN_UNUSED_VARIABLE = YES;
				IPHONEOS_DEPLOYMENT_TARGET = 8.0;
				MTL_ENABLE_DEBUG_INFO = NO;
				SDKROOT = iphoneos;
				TARGETED_DEVICE_FAMILY = "1,2";
				VALIDATE_PRODUCT = YES;
			};
			name = Release;
		};
		BF3BAA9319D6F23B00E069D5 /* Debug */ = {
			isa = XCBuildConfiguration;
			buildSettings = {
				ASSETCATALOG_COMPILER_APPICON_NAME = AppIcon;
				CODE_SIGN_IDENTITY = "iPhone Developer";
				"CODE_SIGN_IDENTITY[sdk=iphoneos*]" = "iPhone Developer";
				INFOPLIST_FILE = contacts/Info.plist;
				LD_RUNPATH_SEARCH_PATHS = "$(inherited) @executable_path/Frameworks";
				PRODUCT_NAME = "$(TARGET_NAME)";
				PROVISIONING_PROFILE = "";
			};
			name = Debug;
		};
		BF3BAA9419D6F23B00E069D5 /* Release */ = {
			isa = XCBuildConfiguration;
			buildSettings = {
				ASSETCATALOG_COMPILER_APPICON_NAME = AppIcon;
				CODE_SIGN_IDENTITY = "iPhone Developer";
				"CODE_SIGN_IDENTITY[sdk=iphoneos*]" = "iPhone Developer";
				INFOPLIST_FILE = contacts/Info.plist;
				LD_RUNPATH_SEARCH_PATHS = "$(inherited) @executable_path/Frameworks";
				PRODUCT_NAME = "$(TARGET_NAME)";
				PROVISIONING_PROFILE = "";
			};
			name = Release;
		};
		BF3BAA9619D6F23B00E069D5 /* Debug */ = {
			isa = XCBuildConfiguration;
			buildSettings = {
				BUNDLE_LOADER = "$(TEST_HOST)";
				FRAMEWORK_SEARCH_PATHS = (
					"$(SDKROOT)/Developer/Library/Frameworks",
					"$(inherited)",
				);
				GCC_PREPROCESSOR_DEFINITIONS = (
					"DEBUG=1",
					"$(inherited)",
				);
				INFOPLIST_FILE = contactsTests/Info.plist;
				LD_RUNPATH_SEARCH_PATHS = "$(inherited) @executable_path/Frameworks @loader_path/Frameworks";
				PRODUCT_NAME = "$(TARGET_NAME)";
				TEST_HOST = "$(BUILT_PRODUCTS_DIR)/contacts.app/contacts";
			};
			name = Debug;
		};
		BF3BAA9719D6F23B00E069D5 /* Release */ = {
			isa = XCBuildConfiguration;
			buildSettings = {
				BUNDLE_LOADER = "$(TEST_HOST)";
				FRAMEWORK_SEARCH_PATHS = (
					"$(SDKROOT)/Developer/Library/Frameworks",
					"$(inherited)",
				);
				INFOPLIST_FILE = contactsTests/Info.plist;
				LD_RUNPATH_SEARCH_PATHS = "$(inherited) @executable_path/Frameworks @loader_path/Frameworks";
				PRODUCT_NAME = "$(TARGET_NAME)";
				TEST_HOST = "$(BUILT_PRODUCTS_DIR)/contacts.app/contacts";
			};
			name = Release;
		};
/* End XCBuildConfiguration section */

/* Begin XCConfigurationList section */
		BF3BAA6E19D6F23B00E069D5 /* Build configuration list for PBXProject "contacts" */ = {
			isa = XCConfigurationList;
			buildConfigurations = (
				BF3BAA9019D6F23B00E069D5 /* Debug */,
				BF3BAA9119D6F23B00E069D5 /* Release */,
			);
			defaultConfigurationIsVisible = 0;
			defaultConfigurationName = Release;
		};
		BF3BAA9219D6F23B00E069D5 /* Build configuration list for PBXNativeTarget "contacts" */ = {
			isa = XCConfigurationList;
			buildConfigurations = (
				BF3BAA9319D6F23B00E069D5 /* Debug */,
				BF3BAA9419D6F23B00E069D5 /* Release */,
			);
			defaultConfigurationIsVisible = 0;
			defaultConfigurationName = Release;
		};
		BF3BAA9519D6F23B00E069D5 /* Build configuration list for PBXNativeTarget "contactsTests" */ = {
			isa = XCConfigurationList;
			buildConfigurations = (
				BF3BAA9619D6F23B00E069D5 /* Debug */,
				BF3BAA9719D6F23B00E069D5 /* Release */,
			);
			defaultConfigurationIsVisible = 0;
			defaultConfigurationName = Release;
		};
/* End XCConfigurationList section */
	};
	rootObject = BF3BAA6B19D6F23B00E069D5 /* Project object */;
}
